
Microsoft Visual Studio Solution File, Format Version 12.00
# Visual Studio Version 17
VisualStudioVersion = 17.1.32210.238
MinimumVisualStudioVersion = 10.0.40219.1
Project("{FAE04EC0-301F-11D3-BF4B-00C04F79EFBC}") = "Flight_Ticketing", "Flight_Ticketing\Flight_Ticketing.csproj", "{00D797C2-D3AA-42FE-86EC-942694AA555F}"
EndProject
Global
	GlobalSection(SolutionConfigurationPlatforms) = preSolution
		Debug|Any CPU = Debug|Any CPU
		Release|Any CPU = Release|Any CPU
	EndGlobalSection
	GlobalSection(ProjectConfigurationPlatforms) = postSolution
		{00D797C2-D3AA-42FE-86EC-942694AA555F}.Debug|Any CPU.ActiveCfg = Debug|Any CPU
		{00D797C2-D3AA-42FE-86EC-942694AA555F}.Debug|Any CPU.Build.0 = Debug|Any CPU
		{00D797C2-D3AA-42FE-86EC-942694AA555F}.Release|Any CPU.ActiveCfg = Release|Any CPU
		{00D797C2-D3AA-42FE-86EC-942694AA555F}.Release|Any CPU.Build.0 = Release|Any CPU
	EndGlobalSection
	GlobalSection(SolutionProperties) = preSolution
		HideSolutionNode = FALSE
	EndGlobalSection
	GlobalSection(ExtensibilityGlobals) = postSolution
		SolutionGuid = {D5D26479-FD62-4E91-B305-E12CDAE30282}
	EndGlobalSection
EndGlobal
