
Microsoft Visual Studio Solution File, Format Version 12.00
# Visual Studio Version 17
VisualStudioVersion = 17.1.32210.238
MinimumVisualStudioVersion = 10.0.40219.1
Project("{FAE04EC0-301F-11D3-BF4B-00C04F79EFBC}") = "Ex01_ArrayList", "Ex01_ArrayList\Ex01_ArrayList.csproj", "{4D4B474D-486C-4905-9701-64524959D103}"
EndProject
Project("{FAE04EC0-301F-11D3-BF4B-00C04F79EFBC}") = "Ex02_ArrayList_Method", "Ex02_ArrayList_Method\Ex02_ArrayList_Method.csproj", "{5D1274BF-0E8C-4C48-8909-5795BC463F90}"
EndProject
Project("{FAE04EC0-301F-11D3-BF4B-00C04F79EFBC}") = "HW_Bank", "HW_Bank\HW_Bank.csproj", "{B685B466-531A-443A-9C77-1CBD19134FC8}"
EndProject
Project("{FAE04EC0-301F-11D3-BF4B-00C04F79EFBC}") = "Ex04_List_Generic", "Ex04_List_Generic\Ex04_List_Generic.csproj", "{308D3F6E-626F-4901-B4BE-5D793873ED17}"
EndProject
Project("{FAE04EC0-301F-11D3-BF4B-00C04F79EFBC}") = "Ex06_Collection", "Ex06_Collection\Ex06_Collection.csproj", "{5247E163-3279-4125-9759-09D8F6EA95C5}"
EndProject
Project("{FAE04EC0-301F-11D3-BF4B-00C04F79EFBC}") = "Ex07_Stack", "Ex07_Stack\Ex07_Stack.csproj", "{0040B653-F582-4B31-87ED-0CD3E1ADE30A}"
EndProject
Project("{FAE04EC0-301F-11D3-BF4B-00C04F79EFBC}") = "Ex08_List_Board_Comments", "Ex08_List_Board_Comments\Ex08_List_Board_Comments.csproj", "{7D5BBC48-BDE4-4C17-B0C1-87BA1886B8C1}"
EndProject
Project("{FAE04EC0-301F-11D3-BF4B-00C04F79EFBC}") = "Ex09_Generic", "Ex09_Generic\Ex09_Generic.csproj", "{D62406C9-701A-4FAF-ACE1-C923A8AF1F3B}"
EndProject
Project("{FAE04EC0-301F-11D3-BF4B-00C04F79EFBC}") = "HW_Mul_Table", "HW_Mul_Table\HW_Mul_Table.csproj", "{D1A5AFAD-6970-442D-9AD6-8F6519BFF632}"
EndProject
Global
	GlobalSection(SolutionConfigurationPlatforms) = preSolution
		Debug|Any CPU = Debug|Any CPU
		Release|Any CPU = Release|Any CPU
	EndGlobalSection
	GlobalSection(ProjectConfigurationPlatforms) = postSolution
		{4D4B474D-486C-4905-9701-64524959D103}.Debug|Any CPU.ActiveCfg = Debug|Any CPU
		{4D4B474D-486C-4905-9701-64524959D103}.Debug|Any CPU.Build.0 = Debug|Any CPU
		{4D4B474D-486C-4905-9701-64524959D103}.Release|Any CPU.ActiveCfg = Release|Any CPU
		{4D4B474D-486C-4905-9701-64524959D103}.Release|Any CPU.Build.0 = Release|Any CPU
		{5D1274BF-0E8C-4C48-8909-5795BC463F90}.Debug|Any CPU.ActiveCfg = Debug|Any CPU
		{5D1274BF-0E8C-4C48-8909-5795BC463F90}.Debug|Any CPU.Build.0 = Debug|Any CPU
		{5D1274BF-0E8C-4C48-8909-5795BC463F90}.Release|Any CPU.ActiveCfg = Release|Any CPU
		{5D1274BF-0E8C-4C48-8909-5795BC463F90}.Release|Any CPU.Build.0 = Release|Any CPU
		{B685B466-531A-443A-9C77-1CBD19134FC8}.Debug|Any CPU.ActiveCfg = Debug|Any CPU
		{B685B466-531A-443A-9C77-1CBD19134FC8}.Debug|Any CPU.Build.0 = Debug|Any CPU
		{B685B466-531A-443A-9C77-1CBD19134FC8}.Release|Any CPU.ActiveCfg = Release|Any CPU
		{B685B466-531A-443A-9C77-1CBD19134FC8}.Release|Any CPU.Build.0 = Release|Any CPU
		{308D3F6E-626F-4901-B4BE-5D793873ED17}.Debug|Any CPU.ActiveCfg = Debug|Any CPU
		{308D3F6E-626F-4901-B4BE-5D793873ED17}.Debug|Any CPU.Build.0 = Debug|Any CPU
		{308D3F6E-626F-4901-B4BE-5D793873ED17}.Release|Any CPU.ActiveCfg = Release|Any CPU
		{308D3F6E-626F-4901-B4BE-5D793873ED17}.Release|Any CPU.Build.0 = Release|Any CPU
		{5247E163-3279-4125-9759-09D8F6EA95C5}.Debug|Any CPU.ActiveCfg = Debug|Any CPU
		{5247E163-3279-4125-9759-09D8F6EA95C5}.Debug|Any CPU.Build.0 = Debug|Any CPU
		{5247E163-3279-4125-9759-09D8F6EA95C5}.Release|Any CPU.ActiveCfg = Release|Any CPU
		{5247E163-3279-4125-9759-09D8F6EA95C5}.Release|Any CPU.Build.0 = Release|Any CPU
		{0040B653-F582-4B31-87ED-0CD3E1ADE30A}.Debug|Any CPU.ActiveCfg = Debug|Any CPU
		{0040B653-F582-4B31-87ED-0CD3E1ADE30A}.Debug|Any CPU.Build.0 = Debug|Any CPU
		{0040B653-F582-4B31-87ED-0CD3E1ADE30A}.Release|Any CPU.ActiveCfg = Release|Any CPU
		{0040B653-F582-4B31-87ED-0CD3E1ADE30A}.Release|Any CPU.Build.0 = Release|Any CPU
		{7D5BBC48-BDE4-4C17-B0C1-87BA1886B8C1}.Debug|Any CPU.ActiveCfg = Debug|Any CPU
		{7D5BBC48-BDE4-4C17-B0C1-87BA1886B8C1}.Debug|Any CPU.Build.0 = Debug|Any CPU
		{7D5BBC48-BDE4-4C17-B0C1-87BA1886B8C1}.Release|Any CPU.ActiveCfg = Release|Any CPU
		{7D5BBC48-BDE4-4C17-B0C1-87BA1886B8C1}.Release|Any CPU.Build.0 = Release|Any CPU
		{D62406C9-701A-4FAF-ACE1-C923A8AF1F3B}.Debug|Any CPU.ActiveCfg = Debug|Any CPU
		{D62406C9-701A-4FAF-ACE1-C923A8AF1F3B}.Debug|Any CPU.Build.0 = Debug|Any CPU
		{D62406C9-701A-4FAF-ACE1-C923A8AF1F3B}.Release|Any CPU.ActiveCfg = Release|Any CPU
		{D62406C9-701A-4FAF-ACE1-C923A8AF1F3B}.Release|Any CPU.Build.0 = Release|Any CPU
		{D1A5AFAD-6970-442D-9AD6-8F6519BFF632}.Debug|Any CPU.ActiveCfg = Debug|Any CPU
		{D1A5AFAD-6970-442D-9AD6-8F6519BFF632}.Debug|Any CPU.Build.0 = Debug|Any CPU
		{D1A5AFAD-6970-442D-9AD6-8F6519BFF632}.Release|Any CPU.ActiveCfg = Release|Any CPU
		{D1A5AFAD-6970-442D-9AD6-8F6519BFF632}.Release|Any CPU.Build.0 = Release|Any CPU
	EndGlobalSection
	GlobalSection(SolutionProperties) = preSolution
		HideSolutionNode = FALSE
	EndGlobalSection
	GlobalSection(ExtensibilityGlobals) = postSolution
		SolutionGuid = {57846B21-9B4F-4637-94E5-F65E87E965E0}
	EndGlobalSection
EndGlobal
