
Microsoft Visual Studio Solution File, Format Version 12.00
# Visual Studio Version 17
VisualStudioVersion = 17.1.32210.238
MinimumVisualStudioVersion = 10.0.40219.1
Project("{FAE04EC0-301F-11D3-BF4B-00C04F79EFBC}") = "Ex01_Delegate_Thread", "Ex01_Delegate_Thread\Ex01_Delegate_Thread.csproj", "{11F4C4F7-6615-458E-851F-28D57E310339}"
EndProject
Project("{FAE04EC0-301F-11D3-BF4B-00C04F79EFBC}") = "Ex02_Multi_Delegate", "Ex02_Multi_Delegate\Ex02_Multi_Delegate.csproj", "{C7AFD4CF-7666-4BBC-B164-0F6B282D2E7B}"
EndProject
Project("{FAE04EC0-301F-11D3-BF4B-00C04F79EFBC}") = "Ex03_Event_Delegate", "Ex03_Event_Delegate\Ex03_Event_Delegate.csproj", "{3940A7D2-718E-445C-9267-F8CEDBA6CD5F}"
EndProject
Project("{FAE04EC0-301F-11D3-BF4B-00C04F79EFBC}") = "WindowEvent", "WindowEvent\WindowEvent.csproj", "{AD7B60B6-AE5B-415D-BEB9-55A55D58CFA3}"
EndProject
Project("{FAE04EC0-301F-11D3-BF4B-00C04F79EFBC}") = "Ex04_Thread", "Ex04_Thread\Ex04_Thread.csproj", "{8348E56A-737E-42DE-B6F9-0CAE595011B6}"
EndProject
Global
	GlobalSection(SolutionConfigurationPlatforms) = preSolution
		Debug|Any CPU = Debug|Any CPU
		Release|Any CPU = Release|Any CPU
	EndGlobalSection
	GlobalSection(ProjectConfigurationPlatforms) = postSolution
		{11F4C4F7-6615-458E-851F-28D57E310339}.Debug|Any CPU.ActiveCfg = Debug|Any CPU
		{11F4C4F7-6615-458E-851F-28D57E310339}.Debug|Any CPU.Build.0 = Debug|Any CPU
		{11F4C4F7-6615-458E-851F-28D57E310339}.Release|Any CPU.ActiveCfg = Release|Any CPU
		{11F4C4F7-6615-458E-851F-28D57E310339}.Release|Any CPU.Build.0 = Release|Any CPU
		{C7AFD4CF-7666-4BBC-B164-0F6B282D2E7B}.Debug|Any CPU.ActiveCfg = Debug|Any CPU
		{C7AFD4CF-7666-4BBC-B164-0F6B282D2E7B}.Debug|Any CPU.Build.0 = Debug|Any CPU
		{C7AFD4CF-7666-4BBC-B164-0F6B282D2E7B}.Release|Any CPU.ActiveCfg = Release|Any CPU
		{C7AFD4CF-7666-4BBC-B164-0F6B282D2E7B}.Release|Any CPU.Build.0 = Release|Any CPU
		{3940A7D2-718E-445C-9267-F8CEDBA6CD5F}.Debug|Any CPU.ActiveCfg = Debug|Any CPU
		{3940A7D2-718E-445C-9267-F8CEDBA6CD5F}.Debug|Any CPU.Build.0 = Debug|Any CPU
		{3940A7D2-718E-445C-9267-F8CEDBA6CD5F}.Release|Any CPU.ActiveCfg = Release|Any CPU
		{3940A7D2-718E-445C-9267-F8CEDBA6CD5F}.Release|Any CPU.Build.0 = Release|Any CPU
		{AD7B60B6-AE5B-415D-BEB9-55A55D58CFA3}.Debug|Any CPU.ActiveCfg = Debug|Any CPU
		{AD7B60B6-AE5B-415D-BEB9-55A55D58CFA3}.Debug|Any CPU.Build.0 = Debug|Any CPU
		{AD7B60B6-AE5B-415D-BEB9-55A55D58CFA3}.Release|Any CPU.ActiveCfg = Release|Any CPU
		{AD7B60B6-AE5B-415D-BEB9-55A55D58CFA3}.Release|Any CPU.Build.0 = Release|Any CPU
		{8348E56A-737E-42DE-B6F9-0CAE595011B6}.Debug|Any CPU.ActiveCfg = Debug|Any CPU
		{8348E56A-737E-42DE-B6F9-0CAE595011B6}.Debug|Any CPU.Build.0 = Debug|Any CPU
		{8348E56A-737E-42DE-B6F9-0CAE595011B6}.Release|Any CPU.ActiveCfg = Release|Any CPU
		{8348E56A-737E-42DE-B6F9-0CAE595011B6}.Release|Any CPU.Build.0 = Release|Any CPU
	EndGlobalSection
	GlobalSection(SolutionProperties) = preSolution
		HideSolutionNode = FALSE
	EndGlobalSection
	GlobalSection(ExtensibilityGlobals) = postSolution
		SolutionGuid = {FE1A3A30-BAB5-45E0-9ACE-CB943977E8A3}
	EndGlobalSection
EndGlobal
