
Microsoft Visual Studio Solution File, Format Version 12.00
# Visual Studio Version 17
VisualStudioVersion = 17.1.32210.238
MinimumVisualStudioVersion = 10.0.40219.1
Project("{FAE04EC0-301F-11D3-BF4B-00C04F79EFBC}") = "Ex01_Basic", "Ex01_Basic\Ex01_Basic.csproj", "{07B4B960-5310-4CCC-88C3-2C3D7BBC2B85}"
EndProject
Project("{FAE04EC0-301F-11D3-BF4B-00C04F79EFBC}") = "Ex02_Basic", "Ex02_Basic\Ex02_Basic.csproj", "{13526468-DD74-4F4F-98C1-FD85193757FA}"
EndProject
Project("{FAE04EC0-301F-11D3-BF4B-00C04F79EFBC}") = "Ex03_EmpLib", "Ex03_EmpLib\Ex03_EmpLib.csproj", "{BD19E649-267C-4753-8844-0A483D1AF912}"
EndProject
Project("{FAE04EC0-301F-11D3-BF4B-00C04F79EFBC}") = "Ex04_RefType", "Ex04_RefType\Ex04_RefType.csproj", "{C8AAE8C5-7ED7-4149-9DF9-BDF22B6401E1}"
EndProject
Project("{FAE04EC0-301F-11D3-BF4B-00C04F79EFBC}") = "Ex05_ValueType", "Ex05_ValueType\Ex05_ValueType.csproj", "{BD3D2169-20EB-48D9-9B86-84F60D74E225}"
EndProject
Project("{FAE04EC0-301F-11D3-BF4B-00C04F79EFBC}") = "Ex06_Opr", "Ex06_Opr\Ex06_Opr.csproj", "{958878E9-738D-4FC0-9958-11418F26D989}"
EndProject
Project("{FAE04EC0-301F-11D3-BF4B-00C04F79EFBC}") = "Ex07_Statement", "Ex07_Statement\Ex07_Statement.csproj", "{5E8A13C1-1F3B-48B2-A135-945F42178E13}"
EndProject
Project("{FAE04EC0-301F-11D3-BF4B-00C04F79EFBC}") = "Ex08_Statement2", "Ex08_Statement2\Ex08_Statement2.csproj", "{571F8200-6477-4457-81AA-D6CE40C541F1}"
EndProject
Project("{FAE04EC0-301F-11D3-BF4B-00C04F79EFBC}") = "Ex09_Statement3", "Ex08_Statement3\Ex09_Statement3.csproj", "{E8019902-E5A3-4756-96B9-EEE74F8CFE15}"
EndProject
Project("{FAE04EC0-301F-11D3-BF4B-00C04F79EFBC}") = "Ex10_Class", "Ex10_Class\Ex10_Class.csproj", "{476DEA29-3960-45BE-8749-7D72D4EB2F97}"
EndProject
Project("{FAE04EC0-301F-11D3-BF4B-00C04F79EFBC}") = "HW_Money", "HW_Money\HW_Money.csproj", "{9B11EE54-AB6C-4D13-85C9-E287F6A85205}"
EndProject
Project("{FAE04EC0-301F-11D3-BF4B-00C04F79EFBC}") = "HW_RSP", "HW_RSP\HW_RSP.csproj", "{F0DBB3C0-6417-48C2-B3EB-2829406B9FD8}"
EndProject
Project("{FAE04EC0-301F-11D3-BF4B-00C04F79EFBC}") = "Ex11_Class_method", "Ex11_Class_method\Ex11_Class_method.csproj", "{4ACCFE5E-B5CF-44C1-8002-BA7BA976DB5D}"
EndProject
Project("{FAE04EC0-301F-11D3-BF4B-00C04F79EFBC}") = "Ex25_String", "Ex25_String\Ex25_String.csproj", "{5C0EEA8A-91F6-4AF5-B04C-7DAD434F59B1}"
EndProject
Project("{FAE04EC0-301F-11D3-BF4B-00C04F79EFBC}") = "Ex26_String_Function_Quiz", "Ex26_String_Function_Quiz\Ex26_String_Function_Quiz.csproj", "{93A97236-1032-406D-885D-FED4EF74DBF4}"
EndProject
Project("{FAE04EC0-301F-11D3-BF4B-00C04F79EFBC}") = "Ex12_Class", "Ex12_Class\Ex12_Class.csproj", "{DA5FFC77-447E-465B-9EBA-99A85D14E153}"
EndProject
Project("{FAE04EC0-301F-11D3-BF4B-00C04F79EFBC}") = "Ex13_Static", "Ex13_Static\Ex13_Static.csproj", "{D56B886A-D9BA-4858-B910-03ADD975D619}"
EndProject
Project("{FAE04EC0-301F-11D3-BF4B-00C04F79EFBC}") = "Ex14_Static", "Ex14_Static\Ex14_Static.csproj", "{7C184552-822B-4D47-8CBB-7ABA694698DA}"
EndProject
Project("{FAE04EC0-301F-11D3-BF4B-00C04F79EFBC}") = "Ex15_Static_scope", "Ex15_Static_scope\Ex15_Static_scope.csproj", "{9B38CBB8-74B7-4A9A-B76B-103FFC5550A6}"
EndProject
Project("{FAE04EC0-301F-11D3-BF4B-00C04F79EFBC}") = "Ex16_Constructor", "Ex16_Constructor\Ex16_Constructor.csproj", "{5B18FEB5-9548-470D-93C8-7E03EC402532}"
EndProject
Project("{FAE04EC0-301F-11D3-BF4B-00C04F79EFBC}") = "Ex17_Constructor_static", "Ex17_Constructor_static\Ex17_Constructor_static.csproj", "{AD4DC487-AC6E-43CC-BC72-5D23F70254BC}"
EndProject
Project("{FAE04EC0-301F-11D3-BF4B-00C04F79EFBC}") = "Ex18_Const_Readonly", "Ex18_Const_Readonly\Ex18_Const_Readonly.csproj", "{C748D0E0-9066-4582-88B8-DFB5A8FDFCA6}"
EndProject
Project("{FAE04EC0-301F-11D3-BF4B-00C04F79EFBC}") = "Ex19_CallByVal_CallByRef", "Ex19_CallByVal_CallByRef\Ex19_CallByVal_CallByRef.csproj", "{20B295D9-29D7-4B31-9C0D-3D5359FC196B}"
EndProject
Project("{FAE04EC0-301F-11D3-BF4B-00C04F79EFBC}") = "HW_Book", "HW_Book\HW_Book.csproj", "{6CFC279C-70EB-478E-8305-64E49E5D68DD}"
EndProject
Project("{FAE04EC0-301F-11D3-BF4B-00C04F79EFBC}") = "HW_Factorial", "HW_Factorial\HW_Factorial.csproj", "{282FE5CE-F380-403B-9328-2AC548BB9F69}"
EndProject
Project("{FAE04EC0-301F-11D3-BF4B-00C04F79EFBC}") = "Lotto_Class", "Lotto_Class\Lotto_Class.csproj", "{B7D42F95-03B0-4174-88F1-75F604175643}"
EndProject
Project("{FAE04EC0-301F-11D3-BF4B-00C04F79EFBC}") = "Star", "Star\Star.csproj", "{38553C22-DB10-4DCD-ADF3-D52481A7968F}"
EndProject
Project("{FAE04EC0-301F-11D3-BF4B-00C04F79EFBC}") = "Ex20_Array", "Ex20_Array\Ex20_Array.csproj", "{D9BC43CB-DBA2-4A8E-9B13-A14DE2F167F1}"
EndProject
Project("{FAE04EC0-301F-11D3-BF4B-00C04F79EFBC}") = "Ex21_Object_Arr", "Ex21_Object_Arr\Ex21_Object_Arr.csproj", "{9212BC0C-6B0E-4DB0-8462-474FD009E943}"
EndProject
Project("{FAE04EC0-301F-11D3-BF4B-00C04F79EFBC}") = "Ex22_Array_Quiz", "Ex22_Array_Quiz\Ex22_Array_Quiz.csproj", "{4F3D8E3D-B762-4B44-AF93-8905369094DC}"
EndProject
Project("{FAE04EC0-301F-11D3-BF4B-00C04F79EFBC}") = "Ex23_Array_Cinema", "Ex23_Array_Cinema\Ex23_Array_Cinema.csproj", "{CCC180E8-D344-49C5-838B-3018D4FBD660}"
EndProject
Project("{FAE04EC0-301F-11D3-BF4B-00C04F79EFBC}") = "Ex24_Array_Param", "Ex24_Array_Param\Ex24_Array_Param.csproj", "{1F4E7AE7-8135-4C53-9693-1D3F2855B40A}"
EndProject
Project("{FAE04EC0-301F-11D3-BF4B-00C04F79EFBC}") = "HW_Array_Cinema_Quiz", "HW_Array_Cinema_Quiz\HW_Array_Cinema_Quiz.csproj", "{328E540C-10DE-47D4-8799-2878E6451284}"
EndProject
Global
	GlobalSection(SolutionConfigurationPlatforms) = preSolution
		Debug|Any CPU = Debug|Any CPU
		Release|Any CPU = Release|Any CPU
	EndGlobalSection
	GlobalSection(ProjectConfigurationPlatforms) = postSolution
		{07B4B960-5310-4CCC-88C3-2C3D7BBC2B85}.Debug|Any CPU.ActiveCfg = Debug|Any CPU
		{07B4B960-5310-4CCC-88C3-2C3D7BBC2B85}.Debug|Any CPU.Build.0 = Debug|Any CPU
		{07B4B960-5310-4CCC-88C3-2C3D7BBC2B85}.Release|Any CPU.ActiveCfg = Release|Any CPU
		{07B4B960-5310-4CCC-88C3-2C3D7BBC2B85}.Release|Any CPU.Build.0 = Release|Any CPU
		{13526468-DD74-4F4F-98C1-FD85193757FA}.Debug|Any CPU.ActiveCfg = Debug|Any CPU
		{13526468-DD74-4F4F-98C1-FD85193757FA}.Debug|Any CPU.Build.0 = Debug|Any CPU
		{13526468-DD74-4F4F-98C1-FD85193757FA}.Release|Any CPU.ActiveCfg = Release|Any CPU
		{13526468-DD74-4F4F-98C1-FD85193757FA}.Release|Any CPU.Build.0 = Release|Any CPU
		{BD19E649-267C-4753-8844-0A483D1AF912}.Debug|Any CPU.ActiveCfg = Debug|Any CPU
		{BD19E649-267C-4753-8844-0A483D1AF912}.Debug|Any CPU.Build.0 = Debug|Any CPU
		{BD19E649-267C-4753-8844-0A483D1AF912}.Release|Any CPU.ActiveCfg = Release|Any CPU
		{BD19E649-267C-4753-8844-0A483D1AF912}.Release|Any CPU.Build.0 = Release|Any CPU
		{C8AAE8C5-7ED7-4149-9DF9-BDF22B6401E1}.Debug|Any CPU.ActiveCfg = Debug|Any CPU
		{C8AAE8C5-7ED7-4149-9DF9-BDF22B6401E1}.Debug|Any CPU.Build.0 = Debug|Any CPU
		{C8AAE8C5-7ED7-4149-9DF9-BDF22B6401E1}.Release|Any CPU.ActiveCfg = Release|Any CPU
		{C8AAE8C5-7ED7-4149-9DF9-BDF22B6401E1}.Release|Any CPU.Build.0 = Release|Any CPU
		{BD3D2169-20EB-48D9-9B86-84F60D74E225}.Debug|Any CPU.ActiveCfg = Debug|Any CPU
		{BD3D2169-20EB-48D9-9B86-84F60D74E225}.Debug|Any CPU.Build.0 = Debug|Any CPU
		{BD3D2169-20EB-48D9-9B86-84F60D74E225}.Release|Any CPU.ActiveCfg = Release|Any CPU
		{BD3D2169-20EB-48D9-9B86-84F60D74E225}.Release|Any CPU.Build.0 = Release|Any CPU
		{958878E9-738D-4FC0-9958-11418F26D989}.Debug|Any CPU.ActiveCfg = Debug|Any CPU
		{958878E9-738D-4FC0-9958-11418F26D989}.Debug|Any CPU.Build.0 = Debug|Any CPU
		{958878E9-738D-4FC0-9958-11418F26D989}.Release|Any CPU.ActiveCfg = Release|Any CPU
		{958878E9-738D-4FC0-9958-11418F26D989}.Release|Any CPU.Build.0 = Release|Any CPU
		{5E8A13C1-1F3B-48B2-A135-945F42178E13}.Debug|Any CPU.ActiveCfg = Debug|Any CPU
		{5E8A13C1-1F3B-48B2-A135-945F42178E13}.Debug|Any CPU.Build.0 = Debug|Any CPU
		{5E8A13C1-1F3B-48B2-A135-945F42178E13}.Release|Any CPU.ActiveCfg = Release|Any CPU
		{5E8A13C1-1F3B-48B2-A135-945F42178E13}.Release|Any CPU.Build.0 = Release|Any CPU
		{571F8200-6477-4457-81AA-D6CE40C541F1}.Debug|Any CPU.ActiveCfg = Debug|Any CPU
		{571F8200-6477-4457-81AA-D6CE40C541F1}.Debug|Any CPU.Build.0 = Debug|Any CPU
		{571F8200-6477-4457-81AA-D6CE40C541F1}.Release|Any CPU.ActiveCfg = Release|Any CPU
		{571F8200-6477-4457-81AA-D6CE40C541F1}.Release|Any CPU.Build.0 = Release|Any CPU
		{E8019902-E5A3-4756-96B9-EEE74F8CFE15}.Debug|Any CPU.ActiveCfg = Debug|Any CPU
		{E8019902-E5A3-4756-96B9-EEE74F8CFE15}.Debug|Any CPU.Build.0 = Debug|Any CPU
		{E8019902-E5A3-4756-96B9-EEE74F8CFE15}.Release|Any CPU.ActiveCfg = Release|Any CPU
		{E8019902-E5A3-4756-96B9-EEE74F8CFE15}.Release|Any CPU.Build.0 = Release|Any CPU
		{476DEA29-3960-45BE-8749-7D72D4EB2F97}.Debug|Any CPU.ActiveCfg = Debug|Any CPU
		{476DEA29-3960-45BE-8749-7D72D4EB2F97}.Debug|Any CPU.Build.0 = Debug|Any CPU
		{476DEA29-3960-45BE-8749-7D72D4EB2F97}.Release|Any CPU.ActiveCfg = Release|Any CPU
		{476DEA29-3960-45BE-8749-7D72D4EB2F97}.Release|Any CPU.Build.0 = Release|Any CPU
		{9B11EE54-AB6C-4D13-85C9-E287F6A85205}.Debug|Any CPU.ActiveCfg = Debug|Any CPU
		{9B11EE54-AB6C-4D13-85C9-E287F6A85205}.Debug|Any CPU.Build.0 = Debug|Any CPU
		{9B11EE54-AB6C-4D13-85C9-E287F6A85205}.Release|Any CPU.ActiveCfg = Release|Any CPU
		{9B11EE54-AB6C-4D13-85C9-E287F6A85205}.Release|Any CPU.Build.0 = Release|Any CPU
		{F0DBB3C0-6417-48C2-B3EB-2829406B9FD8}.Debug|Any CPU.ActiveCfg = Debug|Any CPU
		{F0DBB3C0-6417-48C2-B3EB-2829406B9FD8}.Debug|Any CPU.Build.0 = Debug|Any CPU
		{F0DBB3C0-6417-48C2-B3EB-2829406B9FD8}.Release|Any CPU.ActiveCfg = Release|Any CPU
		{F0DBB3C0-6417-48C2-B3EB-2829406B9FD8}.Release|Any CPU.Build.0 = Release|Any CPU
		{4ACCFE5E-B5CF-44C1-8002-BA7BA976DB5D}.Debug|Any CPU.ActiveCfg = Debug|Any CPU
		{4ACCFE5E-B5CF-44C1-8002-BA7BA976DB5D}.Debug|Any CPU.Build.0 = Debug|Any CPU
		{4ACCFE5E-B5CF-44C1-8002-BA7BA976DB5D}.Release|Any CPU.ActiveCfg = Release|Any CPU
		{4ACCFE5E-B5CF-44C1-8002-BA7BA976DB5D}.Release|Any CPU.Build.0 = Release|Any CPU
		{5C0EEA8A-91F6-4AF5-B04C-7DAD434F59B1}.Debug|Any CPU.ActiveCfg = Debug|Any CPU
		{5C0EEA8A-91F6-4AF5-B04C-7DAD434F59B1}.Debug|Any CPU.Build.0 = Debug|Any CPU
		{5C0EEA8A-91F6-4AF5-B04C-7DAD434F59B1}.Release|Any CPU.ActiveCfg = Release|Any CPU
		{5C0EEA8A-91F6-4AF5-B04C-7DAD434F59B1}.Release|Any CPU.Build.0 = Release|Any CPU
		{93A97236-1032-406D-885D-FED4EF74DBF4}.Debug|Any CPU.ActiveCfg = Debug|Any CPU
		{93A97236-1032-406D-885D-FED4EF74DBF4}.Debug|Any CPU.Build.0 = Debug|Any CPU
		{93A97236-1032-406D-885D-FED4EF74DBF4}.Release|Any CPU.ActiveCfg = Release|Any CPU
		{93A97236-1032-406D-885D-FED4EF74DBF4}.Release|Any CPU.Build.0 = Release|Any CPU
		{DA5FFC77-447E-465B-9EBA-99A85D14E153}.Debug|Any CPU.ActiveCfg = Debug|Any CPU
		{DA5FFC77-447E-465B-9EBA-99A85D14E153}.Debug|Any CPU.Build.0 = Debug|Any CPU
		{DA5FFC77-447E-465B-9EBA-99A85D14E153}.Release|Any CPU.ActiveCfg = Release|Any CPU
		{DA5FFC77-447E-465B-9EBA-99A85D14E153}.Release|Any CPU.Build.0 = Release|Any CPU
		{D56B886A-D9BA-4858-B910-03ADD975D619}.Debug|Any CPU.ActiveCfg = Debug|Any CPU
		{D56B886A-D9BA-4858-B910-03ADD975D619}.Debug|Any CPU.Build.0 = Debug|Any CPU
		{D56B886A-D9BA-4858-B910-03ADD975D619}.Release|Any CPU.ActiveCfg = Release|Any CPU
		{D56B886A-D9BA-4858-B910-03ADD975D619}.Release|Any CPU.Build.0 = Release|Any CPU
		{7C184552-822B-4D47-8CBB-7ABA694698DA}.Debug|Any CPU.ActiveCfg = Debug|Any CPU
		{7C184552-822B-4D47-8CBB-7ABA694698DA}.Debug|Any CPU.Build.0 = Debug|Any CPU
		{7C184552-822B-4D47-8CBB-7ABA694698DA}.Release|Any CPU.ActiveCfg = Release|Any CPU
		{7C184552-822B-4D47-8CBB-7ABA694698DA}.Release|Any CPU.Build.0 = Release|Any CPU
		{9B38CBB8-74B7-4A9A-B76B-103FFC5550A6}.Debug|Any CPU.ActiveCfg = Debug|Any CPU
		{9B38CBB8-74B7-4A9A-B76B-103FFC5550A6}.Debug|Any CPU.Build.0 = Debug|Any CPU
		{9B38CBB8-74B7-4A9A-B76B-103FFC5550A6}.Release|Any CPU.ActiveCfg = Release|Any CPU
		{9B38CBB8-74B7-4A9A-B76B-103FFC5550A6}.Release|Any CPU.Build.0 = Release|Any CPU
		{5B18FEB5-9548-470D-93C8-7E03EC402532}.Debug|Any CPU.ActiveCfg = Debug|Any CPU
		{5B18FEB5-9548-470D-93C8-7E03EC402532}.Debug|Any CPU.Build.0 = Debug|Any CPU
		{5B18FEB5-9548-470D-93C8-7E03EC402532}.Release|Any CPU.ActiveCfg = Release|Any CPU
		{5B18FEB5-9548-470D-93C8-7E03EC402532}.Release|Any CPU.Build.0 = Release|Any CPU
		{AD4DC487-AC6E-43CC-BC72-5D23F70254BC}.Debug|Any CPU.ActiveCfg = Debug|Any CPU
		{AD4DC487-AC6E-43CC-BC72-5D23F70254BC}.Debug|Any CPU.Build.0 = Debug|Any CPU
		{AD4DC487-AC6E-43CC-BC72-5D23F70254BC}.Release|Any CPU.ActiveCfg = Release|Any CPU
		{AD4DC487-AC6E-43CC-BC72-5D23F70254BC}.Release|Any CPU.Build.0 = Release|Any CPU
		{C748D0E0-9066-4582-88B8-DFB5A8FDFCA6}.Debug|Any CPU.ActiveCfg = Debug|Any CPU
		{C748D0E0-9066-4582-88B8-DFB5A8FDFCA6}.Debug|Any CPU.Build.0 = Debug|Any CPU
		{C748D0E0-9066-4582-88B8-DFB5A8FDFCA6}.Release|Any CPU.ActiveCfg = Release|Any CPU
		{C748D0E0-9066-4582-88B8-DFB5A8FDFCA6}.Release|Any CPU.Build.0 = Release|Any CPU
		{20B295D9-29D7-4B31-9C0D-3D5359FC196B}.Debug|Any CPU.ActiveCfg = Debug|Any CPU
		{20B295D9-29D7-4B31-9C0D-3D5359FC196B}.Debug|Any CPU.Build.0 = Debug|Any CPU
		{20B295D9-29D7-4B31-9C0D-3D5359FC196B}.Release|Any CPU.ActiveCfg = Release|Any CPU
		{20B295D9-29D7-4B31-9C0D-3D5359FC196B}.Release|Any CPU.Build.0 = Release|Any CPU
		{6CFC279C-70EB-478E-8305-64E49E5D68DD}.Debug|Any CPU.ActiveCfg = Debug|Any CPU
		{6CFC279C-70EB-478E-8305-64E49E5D68DD}.Debug|Any CPU.Build.0 = Debug|Any CPU
		{6CFC279C-70EB-478E-8305-64E49E5D68DD}.Release|Any CPU.ActiveCfg = Release|Any CPU
		{6CFC279C-70EB-478E-8305-64E49E5D68DD}.Release|Any CPU.Build.0 = Release|Any CPU
		{282FE5CE-F380-403B-9328-2AC548BB9F69}.Debug|Any CPU.ActiveCfg = Debug|Any CPU
		{282FE5CE-F380-403B-9328-2AC548BB9F69}.Debug|Any CPU.Build.0 = Debug|Any CPU
		{282FE5CE-F380-403B-9328-2AC548BB9F69}.Release|Any CPU.ActiveCfg = Release|Any CPU
		{282FE5CE-F380-403B-9328-2AC548BB9F69}.Release|Any CPU.Build.0 = Release|Any CPU
		{B7D42F95-03B0-4174-88F1-75F604175643}.Debug|Any CPU.ActiveCfg = Debug|Any CPU
		{B7D42F95-03B0-4174-88F1-75F604175643}.Debug|Any CPU.Build.0 = Debug|Any CPU
		{B7D42F95-03B0-4174-88F1-75F604175643}.Release|Any CPU.ActiveCfg = Release|Any CPU
		{B7D42F95-03B0-4174-88F1-75F604175643}.Release|Any CPU.Build.0 = Release|Any CPU
		{38553C22-DB10-4DCD-ADF3-D52481A7968F}.Debug|Any CPU.ActiveCfg = Debug|Any CPU
		{38553C22-DB10-4DCD-ADF3-D52481A7968F}.Debug|Any CPU.Build.0 = Debug|Any CPU
		{38553C22-DB10-4DCD-ADF3-D52481A7968F}.Release|Any CPU.ActiveCfg = Release|Any CPU
		{38553C22-DB10-4DCD-ADF3-D52481A7968F}.Release|Any CPU.Build.0 = Release|Any CPU
		{D9BC43CB-DBA2-4A8E-9B13-A14DE2F167F1}.Debug|Any CPU.ActiveCfg = Debug|Any CPU
		{D9BC43CB-DBA2-4A8E-9B13-A14DE2F167F1}.Debug|Any CPU.Build.0 = Debug|Any CPU
		{D9BC43CB-DBA2-4A8E-9B13-A14DE2F167F1}.Release|Any CPU.ActiveCfg = Release|Any CPU
		{D9BC43CB-DBA2-4A8E-9B13-A14DE2F167F1}.Release|Any CPU.Build.0 = Release|Any CPU
		{9212BC0C-6B0E-4DB0-8462-474FD009E943}.Debug|Any CPU.ActiveCfg = Debug|Any CPU
		{9212BC0C-6B0E-4DB0-8462-474FD009E943}.Debug|Any CPU.Build.0 = Debug|Any CPU
		{9212BC0C-6B0E-4DB0-8462-474FD009E943}.Release|Any CPU.ActiveCfg = Release|Any CPU
		{9212BC0C-6B0E-4DB0-8462-474FD009E943}.Release|Any CPU.Build.0 = Release|Any CPU
		{4F3D8E3D-B762-4B44-AF93-8905369094DC}.Debug|Any CPU.ActiveCfg = Debug|Any CPU
		{4F3D8E3D-B762-4B44-AF93-8905369094DC}.Debug|Any CPU.Build.0 = Debug|Any CPU
		{4F3D8E3D-B762-4B44-AF93-8905369094DC}.Release|Any CPU.ActiveCfg = Release|Any CPU
		{4F3D8E3D-B762-4B44-AF93-8905369094DC}.Release|Any CPU.Build.0 = Release|Any CPU
		{CCC180E8-D344-49C5-838B-3018D4FBD660}.Debug|Any CPU.ActiveCfg = Debug|Any CPU
		{CCC180E8-D344-49C5-838B-3018D4FBD660}.Debug|Any CPU.Build.0 = Debug|Any CPU
		{CCC180E8-D344-49C5-838B-3018D4FBD660}.Release|Any CPU.ActiveCfg = Release|Any CPU
		{CCC180E8-D344-49C5-838B-3018D4FBD660}.Release|Any CPU.Build.0 = Release|Any CPU
		{1F4E7AE7-8135-4C53-9693-1D3F2855B40A}.Debug|Any CPU.ActiveCfg = Debug|Any CPU
		{1F4E7AE7-8135-4C53-9693-1D3F2855B40A}.Debug|Any CPU.Build.0 = Debug|Any CPU
		{1F4E7AE7-8135-4C53-9693-1D3F2855B40A}.Release|Any CPU.ActiveCfg = Release|Any CPU
		{1F4E7AE7-8135-4C53-9693-1D3F2855B40A}.Release|Any CPU.Build.0 = Release|Any CPU
		{328E540C-10DE-47D4-8799-2878E6451284}.Debug|Any CPU.ActiveCfg = Debug|Any CPU
		{328E540C-10DE-47D4-8799-2878E6451284}.Debug|Any CPU.Build.0 = Debug|Any CPU
		{328E540C-10DE-47D4-8799-2878E6451284}.Release|Any CPU.ActiveCfg = Release|Any CPU
		{328E540C-10DE-47D4-8799-2878E6451284}.Release|Any CPU.Build.0 = Release|Any CPU
	EndGlobalSection
	GlobalSection(SolutionProperties) = preSolution
		HideSolutionNode = FALSE
	EndGlobalSection
	GlobalSection(ExtensibilityGlobals) = postSolution
		SolutionGuid = {2188A8E9-09BB-4BAC-B6E3-9162B4A2BD75}
	EndGlobalSection
EndGlobal
