
Microsoft Visual Studio Solution File, Format Version 12.00
# Visual Studio Version 17
VisualStudioVersion = 17.1.32210.238
MinimumVisualStudioVersion = 10.0.40219.1
Project("{FAE04EC0-301F-11D3-BF4B-00C04F79EFBC}") = "Lotto_Class", "Lotto_Class.csproj", "{B7D42F95-03B0-4174-88F1-75F604175643}"
EndProject
Global
	GlobalSection(SolutionConfigurationPlatforms) = preSolution
		Debug|Any CPU = Debug|Any CPU
		Release|Any CPU = Release|Any CPU
	EndGlobalSection
	GlobalSection(ProjectConfigurationPlatforms) = postSolution
		{B7D42F95-03B0-4174-88F1-75F604175643}.Debug|Any CPU.ActiveCfg = Debug|Any CPU
		{B7D42F95-03B0-4174-88F1-75F604175643}.Debug|Any CPU.Build.0 = Debug|Any CPU
		{B7D42F95-03B0-4174-88F1-75F604175643}.Release|Any CPU.ActiveCfg = Release|Any CPU
		{B7D42F95-03B0-4174-88F1-75F604175643}.Release|Any CPU.Build.0 = Release|Any CPU
	EndGlobalSection
	GlobalSection(SolutionProperties) = preSolution
		HideSolutionNode = FALSE
	EndGlobalSection
	GlobalSection(ExtensibilityGlobals) = postSolution
		SolutionGuid = {0F07720C-73B3-48A6-9D77-CF6991B1B96E}
	EndGlobalSection
EndGlobal
